
Microsoft Visual Studio Solution File, Format Version 12.00
# Visual Studio Version 17
VisualStudioVersion = 17.9.34728.123
MinimumVisualStudioVersion = 10.0.40219.1
Project("{FAE04EC0-301F-11D3-BF4B-00C04F79EFBC}") = "SalesOrder.Web", "Sales Order\SalesOrder.Web.csproj", "{28FBE824-916E-42D0-A459-369479DE382D}"
EndProject
Project("{FAE04EC0-301F-11D3-BF4B-00C04F79EFBC}") = "SalesOrder.Domain", "SalesOrder.Domain\SalesOrder.Domain.csproj", "{D3F424B4-A572-4DDC-9927-AEC98B80804B}"
EndProject
Project("{FAE04EC0-301F-11D3-BF4B-00C04F79EFBC}") = "SalesOrder.Infrastructure", "App.Infrastructur\SalesOrder.Infrastructure.csproj", "{3746C674-99B1-49DC-9586-40C23FDBA704}"
EndProject
Global
	GlobalSection(SolutionConfigurationPlatforms) = preSolution
		Debug|Any CPU = Debug|Any CPU
		Release|Any CPU = Release|Any CPU
	EndGlobalSection
	GlobalSection(ProjectConfigurationPlatforms) = postSolution
		{28FBE824-916E-42D0-A459-369479DE382D}.Debug|Any CPU.ActiveCfg = Debug|Any CPU
		{28FBE824-916E-42D0-A459-369479DE382D}.Debug|Any CPU.Build.0 = Debug|Any CPU
		{28FBE824-916E-42D0-A459-369479DE382D}.Release|Any CPU.ActiveCfg = Release|Any CPU
		{28FBE824-916E-42D0-A459-369479DE382D}.Release|Any CPU.Build.0 = Release|Any CPU
		{D3F424B4-A572-4DDC-9927-AEC98B80804B}.Debug|Any CPU.ActiveCfg = Debug|Any CPU
		{D3F424B4-A572-4DDC-9927-AEC98B80804B}.Debug|Any CPU.Build.0 = Debug|Any CPU
		{D3F424B4-A572-4DDC-9927-AEC98B80804B}.Release|Any CPU.ActiveCfg = Release|Any CPU
		{D3F424B4-A572-4DDC-9927-AEC98B80804B}.Release|Any CPU.Build.0 = Release|Any CPU
		{3746C674-99B1-49DC-9586-40C23FDBA704}.Debug|Any CPU.ActiveCfg = Debug|Any CPU
		{3746C674-99B1-49DC-9586-40C23FDBA704}.Debug|Any CPU.Build.0 = Debug|Any CPU
		{3746C674-99B1-49DC-9586-40C23FDBA704}.Release|Any CPU.ActiveCfg = Release|Any CPU
		{3746C674-99B1-49DC-9586-40C23FDBA704}.Release|Any CPU.Build.0 = Release|Any CPU
	EndGlobalSection
	GlobalSection(SolutionProperties) = preSolution
		HideSolutionNode = FALSE
	EndGlobalSection
	GlobalSection(ExtensibilityGlobals) = postSolution
		SolutionGuid = {8A8334E6-C0D2-46A8-AF7D-17263B052392}
	EndGlobalSection
EndGlobal
